
Microsoft Visual Studio Solution File, Format Version 12.00
# Visual Studio Version 16
VisualStudioVersion = 16.0.810.9
MinimumVisualStudioVersion = 10.0.40219.1
Project("{2150E333-8FDC-42A3-9474-1A3956D46DE8}") = "src", "src", "{113B43D0-55DC-4AD2-829E-E0741462A07B}"
EndProject
Project("{2150E333-8FDC-42A3-9474-1A3956D46DE8}") = "Solution Items", "Solution Items", "{D830B917-4864-4946-ACB5-758BFF47986B}"
	ProjectSection(SolutionItems) = preProject
		.env = .env
	EndProjectSection
EndProject
Project("{2150E333-8FDC-42A3-9474-1A3956D46DE8}") = "Services", "Services", "{061FD65D-FBE5-41F9-B432-C49195E5D94C}"
EndProject
Project("{2150E333-8FDC-42A3-9474-1A3956D46DE8}") = "WebApps", "WebApps", "{AAE3C6C0-ADC3-4281-8012-F2F29B0AD5E1}"
EndProject
Project("{2150E333-8FDC-42A3-9474-1A3956D46DE8}") = "API", "API", "{FF93C465-CA8D-4F17-98F8-2143946A6A51}"
EndProject
Project("{FAE04EC0-301F-11D3-BF4B-00C04F79EFBC}") = "Centennial.Api", "src\Services\Centennial.Api\Centennial.Api.csproj", "{36BC626F-EA6B-4684-9C33-04554B480890}"
EndProject
Project("{2150E333-8FDC-42A3-9474-1A3956D46DE8}") = "Identity", "Identity", "{9610F7CC-7A2B-4331-B9CA-513A8CCBEFE9}"
EndProject
Project("{FAE04EC0-301F-11D3-BF4B-00C04F79EFBC}") = "Centennial.Identity", "src\Services\Centennial.Identity\Centennial.Identity.csproj", "{643FA3B1-D1F3-4C42-A4D4-9356104BCD16}"
EndProject
Project("{FAE04EC0-301F-11D3-BF4B-00C04F79EFBC}") = "Centennial.Angular", "src\Web\Centennial.Angular\Centennial.Angular.csproj", "{56956D66-872E-48CE-8585-001FAC783A3F}"
EndProject
Project("{2150E333-8FDC-42A3-9474-1A3956D46DE8}") = "BuildingBlocks", "BuildingBlocks", "{3076AF5E-FC3A-4EEA-91A9-29C9A3708CF7}"
EndProject
Project("{2150E333-8FDC-42A3-9474-1A3956D46DE8}") = "EventBus", "EventBus", "{B59B1A35-61E8-4CB8-B628-E193B27D1C38}"
EndProject
Project("{FAE04EC0-301F-11D3-BF4B-00C04F79EFBC}") = "EventBus", "src\BuildingBlocks\EventBus\EventBus\EventBus.csproj", "{BE22936F-89AB-4A14-A752-9F2BD06A119E}"
EndProject
Project("{FAE04EC0-301F-11D3-BF4B-00C04F79EFBC}") = "EventBusRabbitMQ", "src\BuildingBlocks\EventBus\EventBusRabbitMQ\EventBusRabbitMQ\EventBusRabbitMQ.csproj", "{15488783-EDAE-44F2-A330-3B40CDB93E59}"
EndProject
Project("{FAE04EC0-301F-11D3-BF4B-00C04F79EFBC}") = "IntegrationEventLogEF", "src\BuildingBlocks\EventBus\IntegrationEventLogEF\IntegrationEventLogEF\IntegrationEventLogEF.csproj", "{CA091886-6334-432A-AC64-56FC79953949}"
EndProject
Project("{E53339B2-1760-4266-BCC7-CA923CBCF16C}") = "docker-compose", "docker-compose.dcproj", "{C4FEA763-FC60-4707-861F-D57C1E6E3E0F}"
EndProject
Global
	GlobalSection(SolutionConfigurationPlatforms) = preSolution
		Debug|Any CPU = Debug|Any CPU
		Release|Any CPU = Release|Any CPU
	EndGlobalSection
	GlobalSection(ProjectConfigurationPlatforms) = postSolution
		{36BC626F-EA6B-4684-9C33-04554B480890}.Debug|Any CPU.ActiveCfg = Debug|Any CPU
		{36BC626F-EA6B-4684-9C33-04554B480890}.Debug|Any CPU.Build.0 = Debug|Any CPU
		{36BC626F-EA6B-4684-9C33-04554B480890}.Release|Any CPU.ActiveCfg = Release|Any CPU
		{36BC626F-EA6B-4684-9C33-04554B480890}.Release|Any CPU.Build.0 = Release|Any CPU
		{643FA3B1-D1F3-4C42-A4D4-9356104BCD16}.Debug|Any CPU.ActiveCfg = Debug|Any CPU
		{643FA3B1-D1F3-4C42-A4D4-9356104BCD16}.Debug|Any CPU.Build.0 = Debug|Any CPU
		{643FA3B1-D1F3-4C42-A4D4-9356104BCD16}.Release|Any CPU.ActiveCfg = Release|Any CPU
		{643FA3B1-D1F3-4C42-A4D4-9356104BCD16}.Release|Any CPU.Build.0 = Release|Any CPU
		{56956D66-872E-48CE-8585-001FAC783A3F}.Debug|Any CPU.ActiveCfg = Debug|Any CPU
		{56956D66-872E-48CE-8585-001FAC783A3F}.Debug|Any CPU.Build.0 = Debug|Any CPU
		{56956D66-872E-48CE-8585-001FAC783A3F}.Release|Any CPU.ActiveCfg = Release|Any CPU
		{56956D66-872E-48CE-8585-001FAC783A3F}.Release|Any CPU.Build.0 = Release|Any CPU
		{BE22936F-89AB-4A14-A752-9F2BD06A119E}.Debug|Any CPU.ActiveCfg = Debug|Any CPU
		{BE22936F-89AB-4A14-A752-9F2BD06A119E}.Debug|Any CPU.Build.0 = Debug|Any CPU
		{BE22936F-89AB-4A14-A752-9F2BD06A119E}.Release|Any CPU.ActiveCfg = Release|Any CPU
		{BE22936F-89AB-4A14-A752-9F2BD06A119E}.Release|Any CPU.Build.0 = Release|Any CPU
		{15488783-EDAE-44F2-A330-3B40CDB93E59}.Debug|Any CPU.ActiveCfg = Debug|Any CPU
		{15488783-EDAE-44F2-A330-3B40CDB93E59}.Debug|Any CPU.Build.0 = Debug|Any CPU
		{15488783-EDAE-44F2-A330-3B40CDB93E59}.Release|Any CPU.ActiveCfg = Release|Any CPU
		{15488783-EDAE-44F2-A330-3B40CDB93E59}.Release|Any CPU.Build.0 = Release|Any CPU
		{CA091886-6334-432A-AC64-56FC79953949}.Debug|Any CPU.ActiveCfg = Debug|Any CPU
		{CA091886-6334-432A-AC64-56FC79953949}.Debug|Any CPU.Build.0 = Debug|Any CPU
		{CA091886-6334-432A-AC64-56FC79953949}.Release|Any CPU.ActiveCfg = Release|Any CPU
		{CA091886-6334-432A-AC64-56FC79953949}.Release|Any CPU.Build.0 = Release|Any CPU
		{C4FEA763-FC60-4707-861F-D57C1E6E3E0F}.Debug|Any CPU.ActiveCfg = Debug|Any CPU
		{C4FEA763-FC60-4707-861F-D57C1E6E3E0F}.Debug|Any CPU.Build.0 = Debug|Any CPU
		{C4FEA763-FC60-4707-861F-D57C1E6E3E0F}.Release|Any CPU.ActiveCfg = Release|Any CPU
		{C4FEA763-FC60-4707-861F-D57C1E6E3E0F}.Release|Any CPU.Build.0 = Release|Any CPU
	EndGlobalSection
	GlobalSection(SolutionProperties) = preSolution
		HideSolutionNode = FALSE
	EndGlobalSection
	GlobalSection(ExtensibilityGlobals) = postSolution
		SolutionGuid = {86D61151-9365-43D2-BBB6-CAF31249D9C3}
	EndGlobalSection
	GlobalSection(NestedProjects) = preSolution
		{061FD65D-FBE5-41F9-B432-C49195E5D94C} = {113B43D0-55DC-4AD2-829E-E0741462A07B}
		{AAE3C6C0-ADC3-4281-8012-F2F29B0AD5E1} = {113B43D0-55DC-4AD2-829E-E0741462A07B}
		{FF93C465-CA8D-4F17-98F8-2143946A6A51} = {061FD65D-FBE5-41F9-B432-C49195E5D94C}
		{36BC626F-EA6B-4684-9C33-04554B480890} = {FF93C465-CA8D-4F17-98F8-2143946A6A51}
		{9610F7CC-7A2B-4331-B9CA-513A8CCBEFE9} = {061FD65D-FBE5-41F9-B432-C49195E5D94C}
		{643FA3B1-D1F3-4C42-A4D4-9356104BCD16} = {9610F7CC-7A2B-4331-B9CA-513A8CCBEFE9}
		{56956D66-872E-48CE-8585-001FAC783A3F} = {AAE3C6C0-ADC3-4281-8012-F2F29B0AD5E1}
		{3076AF5E-FC3A-4EEA-91A9-29C9A3708CF7} = {113B43D0-55DC-4AD2-829E-E0741462A07B}
		{B59B1A35-61E8-4CB8-B628-E193B27D1C38} = {3076AF5E-FC3A-4EEA-91A9-29C9A3708CF7}
		{BE22936F-89AB-4A14-A752-9F2BD06A119E} = {B59B1A35-61E8-4CB8-B628-E193B27D1C38}
		{15488783-EDAE-44F2-A330-3B40CDB93E59} = {B59B1A35-61E8-4CB8-B628-E193B27D1C38}
		{CA091886-6334-432A-AC64-56FC79953949} = {B59B1A35-61E8-4CB8-B628-E193B27D1C38}
	EndGlobalSection
EndGlobal
